
Microsoft Visual Studio Solution File, Format Version 12.00
# Visual Studio Version 16
VisualStudioVersion = 16.0.31112.23
MinimumVisualStudioVersion = 10.0.40219.1
Project("{9A19103F-16F7-4668-BE54-9A1E7A4F7556}") = "BirthClinicPlanningDB", "BirthClinicPlanningDB\BirthClinicPlanningDB.csproj", "{BB0DC45C-FDA1-4398-90D7-DA62CD88EA6A}"
EndProject
Project("{9A19103F-16F7-4668-BE54-9A1E7A4F7556}") = "BirthClinicGUI", "BirthClinicGUI\BirthClinicGUI.csproj", "{159C4768-7F4D-4A78-9758-A93315B1681D}"
EndProject
Project("{2150E333-8FDC-42A3-9474-1A3956D46DE8}") = "Solution Items", "Solution Items", "{8CDB9FA7-73B9-4EE2-8F36-ED21611DCF20}"
	ProjectSection(SolutionItems) = preProject
		BirthClinicGUI\Images\BirthClinic-Diagram.jpg = BirthClinicGUI\Images\BirthClinic-Diagram.jpg
		DecisionsAndAssumptions.txt = DecisionsAndAssumptions.txt
		README.txt = README.txt
	EndProjectSection
EndProject
Global
	GlobalSection(SolutionConfigurationPlatforms) = preSolution
		Debug|Any CPU = Debug|Any CPU
		Release|Any CPU = Release|Any CPU
	EndGlobalSection
	GlobalSection(ProjectConfigurationPlatforms) = postSolution
		{BB0DC45C-FDA1-4398-90D7-DA62CD88EA6A}.Debug|Any CPU.ActiveCfg = Debug|Any CPU
		{BB0DC45C-FDA1-4398-90D7-DA62CD88EA6A}.Debug|Any CPU.Build.0 = Debug|Any CPU
		{BB0DC45C-FDA1-4398-90D7-DA62CD88EA6A}.Release|Any CPU.ActiveCfg = Release|Any CPU
		{BB0DC45C-FDA1-4398-90D7-DA62CD88EA6A}.Release|Any CPU.Build.0 = Release|Any CPU
		{159C4768-7F4D-4A78-9758-A93315B1681D}.Debug|Any CPU.ActiveCfg = Debug|Any CPU
		{159C4768-7F4D-4A78-9758-A93315B1681D}.Debug|Any CPU.Build.0 = Debug|Any CPU
		{159C4768-7F4D-4A78-9758-A93315B1681D}.Release|Any CPU.ActiveCfg = Release|Any CPU
		{159C4768-7F4D-4A78-9758-A93315B1681D}.Release|Any CPU.Build.0 = Release|Any CPU
	EndGlobalSection
	GlobalSection(SolutionProperties) = preSolution
		HideSolutionNode = FALSE
	EndGlobalSection
	GlobalSection(ExtensibilityGlobals) = postSolution
		SolutionGuid = {F4F01B4C-6281-4299-BB10-9CD879BE54B9}
	EndGlobalSection
EndGlobal
